
Microsoft Visual Studio Solution File, Format Version 12.00
# Visual Studio Version 17
VisualStudioVersion = 17.2.32602.215
MinimumVisualStudioVersion = 10.0.40219.1
Project("{FAE04EC0-301F-11D3-BF4B-00C04F79EFBC}") = "StaticExercise", "StaticExercise\StaticExercise.csproj", "{2C199D98-8EE7-493F-B1CD-BFB3526C1488}"
EndProject
Global
	GlobalSection(SolutionConfigurationPlatforms) = preSolution
		Debug|Any CPU = Debug|Any CPU
		Release|Any CPU = Release|Any CPU
	EndGlobalSection
	GlobalSection(ProjectConfigurationPlatforms) = postSolution
		{2C199D98-8EE7-493F-B1CD-BFB3526C1488}.Debug|Any CPU.ActiveCfg = Debug|Any CPU
		{2C199D98-8EE7-493F-B1CD-BFB3526C1488}.Debug|Any CPU.Build.0 = Debug|Any CPU
		{2C199D98-8EE7-493F-B1CD-BFB3526C1488}.Release|Any CPU.ActiveCfg = Release|Any CPU
		{2C199D98-8EE7-493F-B1CD-BFB3526C1488}.Release|Any CPU.Build.0 = Release|Any CPU
	EndGlobalSection
	GlobalSection(SolutionProperties) = preSolution
		HideSolutionNode = FALSE
	EndGlobalSection
	GlobalSection(ExtensibilityGlobals) = postSolution
		SolutionGuid = {FA0D5E24-0BBC-4218-9AEC-30F2016CBEA4}
	EndGlobalSection
EndGlobal
